
Microsoft Visual Studio Solution File, Format Version 12.00
# Visual Studio Version 16
VisualStudioVersion = 16.0.30621.155
MinimumVisualStudioVersion = 10.0.40219.1
Project("{FAE04EC0-301F-11D3-BF4B-00C04F79EFBC}") = "HW04.Task1", "HW04.Task1\HW04.Task1.csproj", "{D52BDE4D-83C5-4270-B9CB-8AE2A889BD84}"
EndProject
Global
	GlobalSection(SolutionConfigurationPlatforms) = preSolution
		Debug|Any CPU = Debug|Any CPU
		Release|Any CPU = Release|Any CPU
	EndGlobalSection
	GlobalSection(ProjectConfigurationPlatforms) = postSolution
		{D52BDE4D-83C5-4270-B9CB-8AE2A889BD84}.Debug|Any CPU.ActiveCfg = Debug|Any CPU
		{D52BDE4D-83C5-4270-B9CB-8AE2A889BD84}.Debug|Any CPU.Build.0 = Debug|Any CPU
		{D52BDE4D-83C5-4270-B9CB-8AE2A889BD84}.Release|Any CPU.ActiveCfg = Release|Any CPU
		{D52BDE4D-83C5-4270-B9CB-8AE2A889BD84}.Release|Any CPU.Build.0 = Release|Any CPU
	EndGlobalSection
	GlobalSection(SolutionProperties) = preSolution
		HideSolutionNode = FALSE
	EndGlobalSection
	GlobalSection(ExtensibilityGlobals) = postSolution
		SolutionGuid = {DF2390DE-1D99-4A32-88B7-950407D1ADDA}
	EndGlobalSection
EndGlobal
