
Microsoft Visual Studio Solution File, Format Version 12.00
# Visual Studio Version 16
VisualStudioVersion = 16.0.30621.155
MinimumVisualStudioVersion = 10.0.40219.1
Project("{FAE04EC0-301F-11D3-BF4B-00C04F79EFBC}") = "Checkin", "Checkin\Checkin.csproj", "{4A1B565A-A79D-40CD-9153-6C12F91432C4}"
EndProject
Global
	GlobalSection(SolutionConfigurationPlatforms) = preSolution
		Debug|Any CPU = Debug|Any CPU
		Release|Any CPU = Release|Any CPU
	EndGlobalSection
	GlobalSection(ProjectConfigurationPlatforms) = postSolution
		{4A1B565A-A79D-40CD-9153-6C12F91432C4}.Debug|Any CPU.ActiveCfg = Debug|Any CPU
		{4A1B565A-A79D-40CD-9153-6C12F91432C4}.Debug|Any CPU.Build.0 = Debug|Any CPU
		{4A1B565A-A79D-40CD-9153-6C12F91432C4}.Release|Any CPU.ActiveCfg = Release|Any CPU
		{4A1B565A-A79D-40CD-9153-6C12F91432C4}.Release|Any CPU.Build.0 = Release|Any CPU
	EndGlobalSection
	GlobalSection(SolutionProperties) = preSolution
		HideSolutionNode = FALSE
	EndGlobalSection
	GlobalSection(ExtensibilityGlobals) = postSolution
		SolutionGuid = {47189FC6-33A7-4992-85DD-D773A8738D62}
	EndGlobalSection
EndGlobal
