
Microsoft Visual Studio Solution File, Format Version 12.00
# Visual Studio Version 16
VisualStudioVersion = 16.0.30621.155
MinimumVisualStudioVersion = 10.0.40219.1
Project("{FAE04EC0-301F-11D3-BF4B-00C04F79EFBC}") = "hm11_task2", "hm11_task2\hm11_task2.csproj", "{0D313BDF-7F7B-4BF0-8859-AFE0E150D6A4}"
EndProject
Global
	GlobalSection(SolutionConfigurationPlatforms) = preSolution
		Debug|Any CPU = Debug|Any CPU
		Release|Any CPU = Release|Any CPU
	EndGlobalSection
	GlobalSection(ProjectConfigurationPlatforms) = postSolution
		{0D313BDF-7F7B-4BF0-8859-AFE0E150D6A4}.Debug|Any CPU.ActiveCfg = Debug|Any CPU
		{0D313BDF-7F7B-4BF0-8859-AFE0E150D6A4}.Debug|Any CPU.Build.0 = Debug|Any CPU
		{0D313BDF-7F7B-4BF0-8859-AFE0E150D6A4}.Release|Any CPU.ActiveCfg = Release|Any CPU
		{0D313BDF-7F7B-4BF0-8859-AFE0E150D6A4}.Release|Any CPU.Build.0 = Release|Any CPU
	EndGlobalSection
	GlobalSection(SolutionProperties) = preSolution
		HideSolutionNode = FALSE
	EndGlobalSection
	GlobalSection(ExtensibilityGlobals) = postSolution
		SolutionGuid = {81F81CCD-3629-494D-84E1-02DF66A7DE62}
	EndGlobalSection
EndGlobal
